
Microsoft Visual Studio Solution File, Format Version 12.00
# Visual Studio Version 16
VisualStudioVersion = 16.0.28922.388
MinimumVisualStudioVersion = 10.0.40219.1
Project("{FAE04EC0-301F-11D3-BF4B-00C04F79EFBC}") = "TwoWeekControl.Android", "TwoWeekControl\TwoWeekControl.Android\TwoWeekControl.Android.csproj", "{BBC5F9DF-0A73-4541-9269-3032B55CC199}"
EndProject
Project("{FAE04EC0-301F-11D3-BF4B-00C04F79EFBC}") = "TwoWeekControl.iOS", "TwoWeekControl\TwoWeekControl.iOS\TwoWeekControl.iOS.csproj", "{8F87F0E5-66E1-490C-9A1D-E4D6815DBA61}"
EndProject
Project("{FAE04EC0-301F-11D3-BF4B-00C04F79EFBC}") = "TwoWeekControl.UWP", "TwoWeekControl\TwoWeekControl.UWP\TwoWeekControl.UWP.csproj", "{A14311FB-361C-4FD2-BED8-434EE53C88EB}"
EndProject
Project("{D954291E-2A0B-460D-934E-DC6B0785DB48}") = "TwoWeekControl", "TwoWeekControl\TwoWeekControl\TwoWeekControl.shproj", "{594C99DD-FC64-4269-A7CF-B5E64FDBED2C}"
EndProject
Project("{FAE04EC0-301F-11D3-BF4B-00C04F79EFBC}") = "ModernXamarinCalendar", "ModernXamarinCalendar\ModernXamarinCalendar.csproj", "{C72FC9B4-7AD9-4A3B-9DD2-3813C597460B}"
EndProject
Global
	GlobalSection(SharedMSBuildProjectFiles) = preSolution
		TwoWeekControl\TwoWeekControl\TwoWeekControl.projitems*{594c99dd-fc64-4269-a7cf-b5e64fdbed2c}*SharedItemsImports = 13
		TwoWeekControl\TwoWeekControl\TwoWeekControl.projitems*{8f87f0e5-66e1-490c-9a1d-e4d6815dba61}*SharedItemsImports = 4
		TwoWeekControl\TwoWeekControl\TwoWeekControl.projitems*{a14311fb-361c-4fd2-bed8-434ee53c88eb}*SharedItemsImports = 4
		TwoWeekControl\TwoWeekControl\TwoWeekControl.projitems*{bbc5f9df-0a73-4541-9269-3032b55cc199}*SharedItemsImports = 4
	EndGlobalSection
	GlobalSection(SolutionConfigurationPlatforms) = preSolution
		Ad-Hoc|Any CPU = Ad-Hoc|Any CPU
		Ad-Hoc|ARM = Ad-Hoc|ARM
		Ad-Hoc|iPhone = Ad-Hoc|iPhone
		Ad-Hoc|iPhoneSimulator = Ad-Hoc|iPhoneSimulator
		Ad-Hoc|x64 = Ad-Hoc|x64
		Ad-Hoc|x86 = Ad-Hoc|x86
		AppStore|Any CPU = AppStore|Any CPU
		AppStore|ARM = AppStore|ARM
		AppStore|iPhone = AppStore|iPhone
		AppStore|iPhoneSimulator = AppStore|iPhoneSimulator
		AppStore|x64 = AppStore|x64
		AppStore|x86 = AppStore|x86
		Debug|Any CPU = Debug|Any CPU
		Debug|ARM = Debug|ARM
		Debug|iPhone = Debug|iPhone
		Debug|iPhoneSimulator = Debug|iPhoneSimulator
		Debug|x64 = Debug|x64
		Debug|x86 = Debug|x86
		Release|Any CPU = Release|Any CPU
		Release|ARM = Release|ARM
		Release|iPhone = Release|iPhone
		Release|iPhoneSimulator = Release|iPhoneSimulator
		Release|x64 = Release|x64
		Release|x86 = Release|x86
	EndGlobalSection
	GlobalSection(ProjectConfigurationPlatforms) = postSolution
		{BBC5F9DF-0A73-4541-9269-3032B55CC199}.Ad-Hoc|Any CPU.ActiveCfg = Release|Any CPU
		{BBC5F9DF-0A73-4541-9269-3032B55CC199}.Ad-Hoc|Any CPU.Build.0 = Release|Any CPU
		{BBC5F9DF-0A73-4541-9269-3032B55CC199}.Ad-Hoc|Any CPU.Deploy.0 = Release|Any CPU
		{BBC5F9DF-0A73-4541-9269-3032B55CC199}.Ad-Hoc|ARM.ActiveCfg = Release|Any CPU
		{BBC5F9DF-0A73-4541-9269-3032B55CC199}.Ad-Hoc|ARM.Build.0 = Release|Any CPU
		{BBC5F9DF-0A73-4541-9269-3032B55CC199}.Ad-Hoc|ARM.Deploy.0 = Release|Any CPU
		{BBC5F9DF-0A73-4541-9269-3032B55CC199}.Ad-Hoc|iPhone.ActiveCfg = Release|Any CPU
		{BBC5F9DF-0A73-4541-9269-3032B55CC199}.Ad-Hoc|iPhone.Build.0 = Release|Any CPU
		{BBC5F9DF-0A73-4541-9269-3032B55CC199}.Ad-Hoc|iPhone.Deploy.0 = Release|Any CPU
		{BBC5F9DF-0A73-4541-9269-3032B55CC199}.Ad-Hoc|iPhoneSimulator.ActiveCfg = Release|Any CPU
		{BBC5F9DF-0A73-4541-9269-3032B55CC199}.Ad-Hoc|iPhoneSimulator.Build.0 = Release|Any CPU
		{BBC5F9DF-0A73-4541-9269-3032B55CC199}.Ad-Hoc|iPhoneSimulator.Deploy.0 = Release|Any CPU
		{BBC5F9DF-0A73-4541-9269-3032B55CC199}.Ad-Hoc|x64.ActiveCfg = Release|Any CPU
		{BBC5F9DF-0A73-4541-9269-3032B55CC199}.Ad-Hoc|x64.Build.0 = Release|Any CPU
		{BBC5F9DF-0A73-4541-9269-3032B55CC199}.Ad-Hoc|x64.Deploy.0 = Release|Any CPU
		{BBC5F9DF-0A73-4541-9269-3032B55CC199}.Ad-Hoc|x86.ActiveCfg = Release|Any CPU
		{BBC5F9DF-0A73-4541-9269-3032B55CC199}.Ad-Hoc|x86.Build.0 = Release|Any CPU
		{BBC5F9DF-0A73-4541-9269-3032B55CC199}.Ad-Hoc|x86.Deploy.0 = Release|Any CPU
		{BBC5F9DF-0A73-4541-9269-3032B55CC199}.AppStore|Any CPU.ActiveCfg = Release|Any CPU
		{BBC5F9DF-0A73-4541-9269-3032B55CC199}.AppStore|Any CPU.Build.0 = Release|Any CPU
		{BBC5F9DF-0A73-4541-9269-3032B55CC199}.AppStore|Any CPU.Deploy.0 = Release|Any CPU
		{BBC5F9DF-0A73-4541-9269-3032B55CC199}.AppStore|ARM.ActiveCfg = Release|Any CPU
		{BBC5F9DF-0A73-4541-9269-3032B55CC199}.AppStore|ARM.Build.0 = Release|Any CPU
		{BBC5F9DF-0A73-4541-9269-3032B55CC199}.AppStore|ARM.Deploy.0 = Release|Any CPU
		{BBC5F9DF-0A73-4541-9269-3032B55CC199}.AppStore|iPhone.ActiveCfg = Release|Any CPU
		{BBC5F9DF-0A73-4541-9269-3032B55CC199}.AppStore|iPhone.Build.0 = Release|Any CPU
		{BBC5F9DF-0A73-4541-9269-3032B55CC199}.AppStore|iPhone.Deploy.0 = Release|Any CPU
		{BBC5F9DF-0A73-4541-9269-3032B55CC199}.AppStore|iPhoneSimulator.ActiveCfg = Release|Any CPU
		{BBC5F9DF-0A73-4541-9269-3032B55CC199}.AppStore|iPhoneSimulator.Build.0 = Release|Any CPU
		{BBC5F9DF-0A73-4541-9269-3032B55CC199}.AppStore|iPhoneSimulator.Deploy.0 = Release|Any CPU
		{BBC5F9DF-0A73-4541-9269-3032B55CC199}.AppStore|x64.ActiveCfg = Release|Any CPU
		{BBC5F9DF-0A73-4541-9269-3032B55CC199}.AppStore|x64.Build.0 = Release|Any CPU
		{BBC5F9DF-0A73-4541-9269-3032B55CC199}.AppStore|x64.Deploy.0 = Release|Any CPU
		{BBC5F9DF-0A73-4541-9269-3032B55CC199}.AppStore|x86.ActiveCfg = Release|Any CPU
		{BBC5F9DF-0A73-4541-9269-3032B55CC199}.AppStore|x86.Build.0 = Release|Any CPU
		{BBC5F9DF-0A73-4541-9269-3032B55CC199}.AppStore|x86.Deploy.0 = Release|Any CPU
		{BBC5F9DF-0A73-4541-9269-3032B55CC199}.Debug|Any CPU.ActiveCfg = Debug|Any CPU
		{BBC5F9DF-0A73-4541-9269-3032B55CC199}.Debug|Any CPU.Build.0 = Debug|Any CPU
		{BBC5F9DF-0A73-4541-9269-3032B55CC199}.Debug|Any CPU.Deploy.0 = Debug|Any CPU
		{BBC5F9DF-0A73-4541-9269-3032B55CC199}.Debug|ARM.ActiveCfg = Debug|Any CPU
		{BBC5F9DF-0A73-4541-9269-3032B55CC199}.Debug|ARM.Build.0 = Debug|Any CPU
		{BBC5F9DF-0A73-4541-9269-3032B55CC199}.Debug|ARM.Deploy.0 = Debug|Any CPU
		{BBC5F9DF-0A73-4541-9269-3032B55CC199}.Debug|iPhone.ActiveCfg = Debug|Any CPU
		{BBC5F9DF-0A73-4541-9269-3032B55CC199}.Debug|iPhone.Build.0 = Debug|Any CPU
		{BBC5F9DF-0A73-4541-9269-3032B55CC199}.Debug|iPhone.Deploy.0 = Debug|Any CPU
		{BBC5F9DF-0A73-4541-9269-3032B55CC199}.Debug|iPhoneSimulator.ActiveCfg = Debug|Any CPU
		{BBC5F9DF-0A73-4541-9269-3032B55CC199}.Debug|iPhoneSimulator.Build.0 = Debug|Any CPU
		{BBC5F9DF-0A73-4541-9269-3032B55CC199}.Debug|iPhoneSimulator.Deploy.0 = Debug|Any CPU
		{BBC5F9DF-0A73-4541-9269-3032B55CC199}.Debug|x64.ActiveCfg = Debug|Any CPU
		{BBC5F9DF-0A73-4541-9269-3032B55CC199}.Debug|x64.Build.0 = Debug|Any CPU
		{BBC5F9DF-0A73-4541-9269-3032B55CC199}.Debug|x64.Deploy.0 = Debug|Any CPU
		{BBC5F9DF-0A73-4541-9269-3032B55CC199}.Debug|x86.ActiveCfg = Debug|Any CPU
		{BBC5F9DF-0A73-4541-9269-3032B55CC199}.Debug|x86.Build.0 = Debug|Any CPU
		{BBC5F9DF-0A73-4541-9269-3032B55CC199}.Debug|x86.Deploy.0 = Debug|Any CPU
		{BBC5F9DF-0A73-4541-9269-3032B55CC199}.Release|Any CPU.ActiveCfg = Release|Any CPU
		{BBC5F9DF-0A73-4541-9269-3032B55CC199}.Release|Any CPU.Build.0 = Release|Any CPU
		{BBC5F9DF-0A73-4541-9269-3032B55CC199}.Release|Any CPU.Deploy.0 = Release|Any CPU
		{BBC5F9DF-0A73-4541-9269-3032B55CC199}.Release|ARM.ActiveCfg = Release|Any CPU
		{BBC5F9DF-0A73-4541-9269-3032B55CC199}.Release|ARM.Build.0 = Release|Any CPU
		{BBC5F9DF-0A73-4541-9269-3032B55CC199}.Release|ARM.Deploy.0 = Release|Any CPU
		{BBC5F9DF-0A73-4541-9269-3032B55CC199}.Release|iPhone.ActiveCfg = Release|Any CPU
		{BBC5F9DF-0A73-4541-9269-3032B55CC199}.Release|iPhone.Build.0 = Release|Any CPU
		{BBC5F9DF-0A73-4541-9269-3032B55CC199}.Release|iPhone.Deploy.0 = Release|Any CPU
		{BBC5F9DF-0A73-4541-9269-3032B55CC199}.Release|iPhoneSimulator.ActiveCfg = Release|Any CPU
		{BBC5F9DF-0A73-4541-9269-3032B55CC199}.Release|iPhoneSimulator.Build.0 = Release|Any CPU
		{BBC5F9DF-0A73-4541-9269-3032B55CC199}.Release|iPhoneSimulator.Deploy.0 = Release|Any CPU
		{BBC5F9DF-0A73-4541-9269-3032B55CC199}.Release|x64.ActiveCfg = Release|Any CPU
		{BBC5F9DF-0A73-4541-9269-3032B55CC199}.Release|x64.Build.0 = Release|Any CPU
		{BBC5F9DF-0A73-4541-9269-3032B55CC199}.Release|x64.Deploy.0 = Release|Any CPU
		{BBC5F9DF-0A73-4541-9269-3032B55CC199}.Release|x86.ActiveCfg = Release|Any CPU
		{BBC5F9DF-0A73-4541-9269-3032B55CC199}.Release|x86.Build.0 = Release|Any CPU
		{BBC5F9DF-0A73-4541-9269-3032B55CC199}.Release|x86.Deploy.0 = Release|Any CPU
		{8F87F0E5-66E1-490C-9A1D-E4D6815DBA61}.Ad-Hoc|Any CPU.ActiveCfg = Ad-Hoc|iPhone
		{8F87F0E5-66E1-490C-9A1D-E4D6815DBA61}.Ad-Hoc|Any CPU.Build.0 = Ad-Hoc|iPhone
		{8F87F0E5-66E1-490C-9A1D-E4D6815DBA61}.Ad-Hoc|Any CPU.Deploy.0 = Ad-Hoc|iPhone
		{8F87F0E5-66E1-490C-9A1D-E4D6815DBA61}.Ad-Hoc|ARM.ActiveCfg = Ad-Hoc|iPhone
		{8F87F0E5-66E1-490C-9A1D-E4D6815DBA61}.Ad-Hoc|ARM.Build.0 = Ad-Hoc|iPhone
		{8F87F0E5-66E1-490C-9A1D-E4D6815DBA61}.Ad-Hoc|ARM.Deploy.0 = Ad-Hoc|iPhone
		{8F87F0E5-66E1-490C-9A1D-E4D6815DBA61}.Ad-Hoc|iPhone.ActiveCfg = Ad-Hoc|iPhone
		{8F87F0E5-66E1-490C-9A1D-E4D6815DBA61}.Ad-Hoc|iPhone.Build.0 = Ad-Hoc|iPhone
		{8F87F0E5-66E1-490C-9A1D-E4D6815DBA61}.Ad-Hoc|iPhone.Deploy.0 = Ad-Hoc|iPhone
		{8F87F0E5-66E1-490C-9A1D-E4D6815DBA61}.Ad-Hoc|iPhoneSimulator.ActiveCfg = Ad-Hoc|iPhoneSimulator
		{8F87F0E5-66E1-490C-9A1D-E4D6815DBA61}.Ad-Hoc|iPhoneSimulator.Build.0 = Ad-Hoc|iPhoneSimulator
		{8F87F0E5-66E1-490C-9A1D-E4D6815DBA61}.Ad-Hoc|iPhoneSimulator.Deploy.0 = Ad-Hoc|iPhoneSimulator
		{8F87F0E5-66E1-490C-9A1D-E4D6815DBA61}.Ad-Hoc|x64.ActiveCfg = Ad-Hoc|iPhone
		{8F87F0E5-66E1-490C-9A1D-E4D6815DBA61}.Ad-Hoc|x64.Build.0 = Ad-Hoc|iPhone
		{8F87F0E5-66E1-490C-9A1D-E4D6815DBA61}.Ad-Hoc|x64.Deploy.0 = Ad-Hoc|iPhone
		{8F87F0E5-66E1-490C-9A1D-E4D6815DBA61}.Ad-Hoc|x86.ActiveCfg = Ad-Hoc|iPhone
		{8F87F0E5-66E1-490C-9A1D-E4D6815DBA61}.Ad-Hoc|x86.Build.0 = Ad-Hoc|iPhone
		{8F87F0E5-66E1-490C-9A1D-E4D6815DBA61}.Ad-Hoc|x86.Deploy.0 = Ad-Hoc|iPhone
		{8F87F0E5-66E1-490C-9A1D-E4D6815DBA61}.AppStore|Any CPU.ActiveCfg = AppStore|iPhone
		{8F87F0E5-66E1-490C-9A1D-E4D6815DBA61}.AppStore|Any CPU.Build.0 = AppStore|iPhone
		{8F87F0E5-66E1-490C-9A1D-E4D6815DBA61}.AppStore|Any CPU.Deploy.0 = AppStore|iPhone
		{8F87F0E5-66E1-490C-9A1D-E4D6815DBA61}.AppStore|ARM.ActiveCfg = AppStore|iPhone
		{8F87F0E5-66E1-490C-9A1D-E4D6815DBA61}.AppStore|ARM.Build.0 = AppStore|iPhone
		{8F87F0E5-66E1-490C-9A1D-E4D6815DBA61}.AppStore|ARM.Deploy.0 = AppStore|iPhone
		{8F87F0E5-66E1-490C-9A1D-E4D6815DBA61}.AppStore|iPhone.ActiveCfg = AppStore|iPhone
		{8F87F0E5-66E1-490C-9A1D-E4D6815DBA61}.AppStore|iPhone.Build.0 = AppStore|iPhone
		{8F87F0E5-66E1-490C-9A1D-E4D6815DBA61}.AppStore|iPhone.Deploy.0 = AppStore|iPhone
		{8F87F0E5-66E1-490C-9A1D-E4D6815DBA61}.AppStore|iPhoneSimulator.ActiveCfg = AppStore|iPhoneSimulator
		{8F87F0E5-66E1-490C-9A1D-E4D6815DBA61}.AppStore|iPhoneSimulator.Build.0 = AppStore|iPhoneSimulator
		{8F87F0E5-66E1-490C-9A1D-E4D6815DBA61}.AppStore|iPhoneSimulator.Deploy.0 = AppStore|iPhoneSimulator
		{8F87F0E5-66E1-490C-9A1D-E4D6815DBA61}.AppStore|x64.ActiveCfg = AppStore|iPhone
		{8F87F0E5-66E1-490C-9A1D-E4D6815DBA61}.AppStore|x64.Build.0 = AppStore|iPhone
		{8F87F0E5-66E1-490C-9A1D-E4D6815DBA61}.AppStore|x64.Deploy.0 = AppStore|iPhone
		{8F87F0E5-66E1-490C-9A1D-E4D6815DBA61}.AppStore|x86.ActiveCfg = AppStore|iPhone
		{8F87F0E5-66E1-490C-9A1D-E4D6815DBA61}.AppStore|x86.Build.0 = AppStore|iPhone
		{8F87F0E5-66E1-490C-9A1D-E4D6815DBA61}.AppStore|x86.Deploy.0 = AppStore|iPhone
		{8F87F0E5-66E1-490C-9A1D-E4D6815DBA61}.Debug|Any CPU.ActiveCfg = Debug|iPhoneSimulator
		{8F87F0E5-66E1-490C-9A1D-E4D6815DBA61}.Debug|Any CPU.Build.0 = Debug|iPhoneSimulator
		{8F87F0E5-66E1-490C-9A1D-E4D6815DBA61}.Debug|Any CPU.Deploy.0 = Debug|iPhoneSimulator
		{8F87F0E5-66E1-490C-9A1D-E4D6815DBA61}.Debug|ARM.ActiveCfg = Debug|iPhone
		{8F87F0E5-66E1-490C-9A1D-E4D6815DBA61}.Debug|ARM.Build.0 = Debug|iPhone
		{8F87F0E5-66E1-490C-9A1D-E4D6815DBA61}.Debug|ARM.Deploy.0 = Debug|iPhone
		{8F87F0E5-66E1-490C-9A1D-E4D6815DBA61}.Debug|iPhone.ActiveCfg = Debug|iPhone
		{8F87F0E5-66E1-490C-9A1D-E4D6815DBA61}.Debug|iPhone.Build.0 = Debug|iPhone
		{8F87F0E5-66E1-490C-9A1D-E4D6815DBA61}.Debug|iPhone.Deploy.0 = Debug|iPhone
		{8F87F0E5-66E1-490C-9A1D-E4D6815DBA61}.Debug|iPhoneSimulator.ActiveCfg = Debug|iPhoneSimulator
		{8F87F0E5-66E1-490C-9A1D-E4D6815DBA61}.Debug|iPhoneSimulator.Build.0 = Debug|iPhoneSimulator
		{8F87F0E5-66E1-490C-9A1D-E4D6815DBA61}.Debug|iPhoneSimulator.Deploy.0 = Debug|iPhoneSimulator
		{8F87F0E5-66E1-490C-9A1D-E4D6815DBA61}.Debug|x64.ActiveCfg = Debug|iPhone
		{8F87F0E5-66E1-490C-9A1D-E4D6815DBA61}.Debug|x64.Build.0 = Debug|iPhone
		{8F87F0E5-66E1-490C-9A1D-E4D6815DBA61}.Debug|x64.Deploy.0 = Debug|iPhone
		{8F87F0E5-66E1-490C-9A1D-E4D6815DBA61}.Debug|x86.ActiveCfg = Debug|iPhone
		{8F87F0E5-66E1-490C-9A1D-E4D6815DBA61}.Debug|x86.Build.0 = Debug|iPhone
		{8F87F0E5-66E1-490C-9A1D-E4D6815DBA61}.Debug|x86.Deploy.0 = Debug|iPhone
		{8F87F0E5-66E1-490C-9A1D-E4D6815DBA61}.Release|Any CPU.ActiveCfg = Release|iPhone
		{8F87F0E5-66E1-490C-9A1D-E4D6815DBA61}.Release|Any CPU.Build.0 = Release|iPhone
		{8F87F0E5-66E1-490C-9A1D-E4D6815DBA61}.Release|Any CPU.Deploy.0 = Release|iPhone
		{8F87F0E5-66E1-490C-9A1D-E4D6815DBA61}.Release|ARM.ActiveCfg = Release|iPhone
		{8F87F0E5-66E1-490C-9A1D-E4D6815DBA61}.Release|ARM.Build.0 = Release|iPhone
		{8F87F0E5-66E1-490C-9A1D-E4D6815DBA61}.Release|ARM.Deploy.0 = Release|iPhone
		{8F87F0E5-66E1-490C-9A1D-E4D6815DBA61}.Release|iPhone.ActiveCfg = Release|iPhone
		{8F87F0E5-66E1-490C-9A1D-E4D6815DBA61}.Release|iPhone.Build.0 = Release|iPhone
		{8F87F0E5-66E1-490C-9A1D-E4D6815DBA61}.Release|iPhone.Deploy.0 = Release|iPhone
		{8F87F0E5-66E1-490C-9A1D-E4D6815DBA61}.Release|iPhoneSimulator.ActiveCfg = Release|iPhoneSimulator
		{8F87F0E5-66E1-490C-9A1D-E4D6815DBA61}.Release|iPhoneSimulator.Build.0 = Release|iPhoneSimulator
		{8F87F0E5-66E1-490C-9A1D-E4D6815DBA61}.Release|iPhoneSimulator.Deploy.0 = Release|iPhoneSimulator
		{8F87F0E5-66E1-490C-9A1D-E4D6815DBA61}.Release|x64.ActiveCfg = Release|iPhone
		{8F87F0E5-66E1-490C-9A1D-E4D6815DBA61}.Release|x64.Build.0 = Release|iPhone
		{8F87F0E5-66E1-490C-9A1D-E4D6815DBA61}.Release|x64.Deploy.0 = Release|iPhone
		{8F87F0E5-66E1-490C-9A1D-E4D6815DBA61}.Release|x86.ActiveCfg = Release|iPhone
		{8F87F0E5-66E1-490C-9A1D-E4D6815DBA61}.Release|x86.Build.0 = Release|iPhone
		{8F87F0E5-66E1-490C-9A1D-E4D6815DBA61}.Release|x86.Deploy.0 = Release|iPhone
		{A14311FB-361C-4FD2-BED8-434EE53C88EB}.Ad-Hoc|Any CPU.ActiveCfg = Release|x86
		{A14311FB-361C-4FD2-BED8-434EE53C88EB}.Ad-Hoc|Any CPU.Build.0 = Release|x86
		{A14311FB-361C-4FD2-BED8-434EE53C88EB}.Ad-Hoc|Any CPU.Deploy.0 = Release|x86
		{A14311FB-361C-4FD2-BED8-434EE53C88EB}.Ad-Hoc|ARM.ActiveCfg = Release|ARM
		{A14311FB-361C-4FD2-BED8-434EE53C88EB}.Ad-Hoc|ARM.Build.0 = Release|ARM
		{A14311FB-361C-4FD2-BED8-434EE53C88EB}.Ad-Hoc|ARM.Deploy.0 = Release|ARM
		{A14311FB-361C-4FD2-BED8-434EE53C88EB}.Ad-Hoc|iPhone.ActiveCfg = Release|x86
		{A14311FB-361C-4FD2-BED8-434EE53C88EB}.Ad-Hoc|iPhone.Build.0 = Release|x86
		{A14311FB-361C-4FD2-BED8-434EE53C88EB}.Ad-Hoc|iPhone.Deploy.0 = Release|x86
		{A14311FB-361C-4FD2-BED8-434EE53C88EB}.Ad-Hoc|iPhoneSimulator.ActiveCfg = Release|x86
		{A14311FB-361C-4FD2-BED8-434EE53C88EB}.Ad-Hoc|iPhoneSimulator.Build.0 = Release|x86
		{A14311FB-361C-4FD2-BED8-434EE53C88EB}.Ad-Hoc|iPhoneSimulator.Deploy.0 = Release|x86
		{A14311FB-361C-4FD2-BED8-434EE53C88EB}.Ad-Hoc|x64.ActiveCfg = Release|x64
		{A14311FB-361C-4FD2-BED8-434EE53C88EB}.Ad-Hoc|x64.Build.0 = Release|x64
		{A14311FB-361C-4FD2-BED8-434EE53C88EB}.Ad-Hoc|x64.Deploy.0 = Release|x64
		{A14311FB-361C-4FD2-BED8-434EE53C88EB}.Ad-Hoc|x86.ActiveCfg = Release|x86
		{A14311FB-361C-4FD2-BED8-434EE53C88EB}.Ad-Hoc|x86.Build.0 = Release|x86
		{A14311FB-361C-4FD2-BED8-434EE53C88EB}.Ad-Hoc|x86.Deploy.0 = Release|x86
		{A14311FB-361C-4FD2-BED8-434EE53C88EB}.AppStore|Any CPU.ActiveCfg = Release|x86
		{A14311FB-361C-4FD2-BED8-434EE53C88EB}.AppStore|Any CPU.Build.0 = Release|x86
		{A14311FB-361C-4FD2-BED8-434EE53C88EB}.AppStore|Any CPU.Deploy.0 = Release|x86
		{A14311FB-361C-4FD2-BED8-434EE53C88EB}.AppStore|ARM.ActiveCfg = Release|ARM
		{A14311FB-361C-4FD2-BED8-434EE53C88EB}.AppStore|ARM.Build.0 = Release|ARM
		{A14311FB-361C-4FD2-BED8-434EE53C88EB}.AppStore|ARM.Deploy.0 = Release|ARM
		{A14311FB-361C-4FD2-BED8-434EE53C88EB}.AppStore|iPhone.ActiveCfg = Release|x86
		{A14311FB-361C-4FD2-BED8-434EE53C88EB}.AppStore|iPhone.Build.0 = Release|x86
		{A14311FB-361C-4FD2-BED8-434EE53C88EB}.AppStore|iPhone.Deploy.0 = Release|x86
		{A14311FB-361C-4FD2-BED8-434EE53C88EB}.AppStore|iPhoneSimulator.ActiveCfg = Release|x86
		{A14311FB-361C-4FD2-BED8-434EE53C88EB}.AppStore|iPhoneSimulator.Build.0 = Release|x86
		{A14311FB-361C-4FD2-BED8-434EE53C88EB}.AppStore|iPhoneSimulator.Deploy.0 = Release|x86
		{A14311FB-361C-4FD2-BED8-434EE53C88EB}.AppStore|x64.ActiveCfg = Release|x64
		{A14311FB-361C-4FD2-BED8-434EE53C88EB}.AppStore|x64.Build.0 = Release|x64
		{A14311FB-361C-4FD2-BED8-434EE53C88EB}.AppStore|x64.Deploy.0 = Release|x64
		{A14311FB-361C-4FD2-BED8-434EE53C88EB}.AppStore|x86.ActiveCfg = Release|x86
		{A14311FB-361C-4FD2-BED8-434EE53C88EB}.AppStore|x86.Build.0 = Release|x86
		{A14311FB-361C-4FD2-BED8-434EE53C88EB}.AppStore|x86.Deploy.0 = Release|x86
		{A14311FB-361C-4FD2-BED8-434EE53C88EB}.Debug|Any CPU.ActiveCfg = Debug|x86
		{A14311FB-361C-4FD2-BED8-434EE53C88EB}.Debug|Any CPU.Build.0 = Debug|x86
		{A14311FB-361C-4FD2-BED8-434EE53C88EB}.Debug|Any CPU.Deploy.0 = Debug|x86
		{A14311FB-361C-4FD2-BED8-434EE53C88EB}.Debug|ARM.ActiveCfg = Debug|ARM
		{A14311FB-361C-4FD2-BED8-434EE53C88EB}.Debug|ARM.Build.0 = Debug|ARM
		{A14311FB-361C-4FD2-BED8-434EE53C88EB}.Debug|ARM.Deploy.0 = Debug|ARM
		{A14311FB-361C-4FD2-BED8-434EE53C88EB}.Debug|iPhone.ActiveCfg = Debug|x86
		{A14311FB-361C-4FD2-BED8-434EE53C88EB}.Debug|iPhone.Build.0 = Debug|x86
		{A14311FB-361C-4FD2-BED8-434EE53C88EB}.Debug|iPhone.Deploy.0 = Debug|x86
		{A14311FB-361C-4FD2-BED8-434EE53C88EB}.Debug|iPhoneSimulator.ActiveCfg = Debug|x86
		{A14311FB-361C-4FD2-BED8-434EE53C88EB}.Debug|iPhoneSimulator.Build.0 = Debug|x86
		{A14311FB-361C-4FD2-BED8-434EE53C88EB}.Debug|iPhoneSimulator.Deploy.0 = Debug|x86
		{A14311FB-361C-4FD2-BED8-434EE53C88EB}.Debug|x64.ActiveCfg = Debug|x64
		{A14311FB-361C-4FD2-BED8-434EE53C88EB}.Debug|x64.Build.0 = Debug|x64
		{A14311FB-361C-4FD2-BED8-434EE53C88EB}.Debug|x64.Deploy.0 = Debug|x64
		{A14311FB-361C-4FD2-BED8-434EE53C88EB}.Debug|x86.ActiveCfg = Debug|x86
		{A14311FB-361C-4FD2-BED8-434EE53C88EB}.Debug|x86.Build.0 = Debug|x86
		{A14311FB-361C-4FD2-BED8-434EE53C88EB}.Debug|x86.Deploy.0 = Debug|x86
		{A14311FB-361C-4FD2-BED8-434EE53C88EB}.Release|Any CPU.ActiveCfg = Release|x86
		{A14311FB-361C-4FD2-BED8-434EE53C88EB}.Release|Any CPU.Build.0 = Release|x86
		{A14311FB-361C-4FD2-BED8-434EE53C88EB}.Release|Any CPU.Deploy.0 = Release|x86
		{A14311FB-361C-4FD2-BED8-434EE53C88EB}.Release|ARM.ActiveCfg = Release|ARM
		{A14311FB-361C-4FD2-BED8-434EE53C88EB}.Release|ARM.Build.0 = Release|ARM
		{A14311FB-361C-4FD2-BED8-434EE53C88EB}.Release|ARM.Deploy.0 = Release|ARM
		{A14311FB-361C-4FD2-BED8-434EE53C88EB}.Release|iPhone.ActiveCfg = Release|x86
		{A14311FB-361C-4FD2-BED8-434EE53C88EB}.Release|iPhone.Build.0 = Release|x86
		{A14311FB-361C-4FD2-BED8-434EE53C88EB}.Release|iPhone.Deploy.0 = Release|x86
		{A14311FB-361C-4FD2-BED8-434EE53C88EB}.Release|iPhoneSimulator.ActiveCfg = Release|x86
		{A14311FB-361C-4FD2-BED8-434EE53C88EB}.Release|iPhoneSimulator.Build.0 = Release|x86
		{A14311FB-361C-4FD2-BED8-434EE53C88EB}.Release|iPhoneSimulator.Deploy.0 = Release|x86
		{A14311FB-361C-4FD2-BED8-434EE53C88EB}.Release|x64.ActiveCfg = Release|x64
		{A14311FB-361C-4FD2-BED8-434EE53C88EB}.Release|x64.Build.0 = Release|x64
		{A14311FB-361C-4FD2-BED8-434EE53C88EB}.Release|x64.Deploy.0 = Release|x64
		{A14311FB-361C-4FD2-BED8-434EE53C88EB}.Release|x86.ActiveCfg = Release|x86
		{A14311FB-361C-4FD2-BED8-434EE53C88EB}.Release|x86.Build.0 = Release|x86
		{A14311FB-361C-4FD2-BED8-434EE53C88EB}.Release|x86.Deploy.0 = Release|x86
		{C72FC9B4-7AD9-4A3B-9DD2-3813C597460B}.Ad-Hoc|Any CPU.ActiveCfg = Debug|Any CPU
		{C72FC9B4-7AD9-4A3B-9DD2-3813C597460B}.Ad-Hoc|Any CPU.Build.0 = Debug|Any CPU
		{C72FC9B4-7AD9-4A3B-9DD2-3813C597460B}.Ad-Hoc|ARM.ActiveCfg = Debug|Any CPU
		{C72FC9B4-7AD9-4A3B-9DD2-3813C597460B}.Ad-Hoc|ARM.Build.0 = Debug|Any CPU
		{C72FC9B4-7AD9-4A3B-9DD2-3813C597460B}.Ad-Hoc|iPhone.ActiveCfg = Debug|Any CPU
		{C72FC9B4-7AD9-4A3B-9DD2-3813C597460B}.Ad-Hoc|iPhone.Build.0 = Debug|Any CPU
		{C72FC9B4-7AD9-4A3B-9DD2-3813C597460B}.Ad-Hoc|iPhoneSimulator.ActiveCfg = Debug|Any CPU
		{C72FC9B4-7AD9-4A3B-9DD2-3813C597460B}.Ad-Hoc|iPhoneSimulator.Build.0 = Debug|Any CPU
		{C72FC9B4-7AD9-4A3B-9DD2-3813C597460B}.Ad-Hoc|x64.ActiveCfg = Debug|Any CPU
		{C72FC9B4-7AD9-4A3B-9DD2-3813C597460B}.Ad-Hoc|x64.Build.0 = Debug|Any CPU
		{C72FC9B4-7AD9-4A3B-9DD2-3813C597460B}.Ad-Hoc|x86.ActiveCfg = Debug|Any CPU
		{C72FC9B4-7AD9-4A3B-9DD2-3813C597460B}.Ad-Hoc|x86.Build.0 = Debug|Any CPU
		{C72FC9B4-7AD9-4A3B-9DD2-3813C597460B}.AppStore|Any CPU.ActiveCfg = Debug|Any CPU
		{C72FC9B4-7AD9-4A3B-9DD2-3813C597460B}.AppStore|Any CPU.Build.0 = Debug|Any CPU
		{C72FC9B4-7AD9-4A3B-9DD2-3813C597460B}.AppStore|ARM.ActiveCfg = Debug|Any CPU
		{C72FC9B4-7AD9-4A3B-9DD2-3813C597460B}.AppStore|ARM.Build.0 = Debug|Any CPU
		{C72FC9B4-7AD9-4A3B-9DD2-3813C597460B}.AppStore|iPhone.ActiveCfg = Debug|Any CPU
		{C72FC9B4-7AD9-4A3B-9DD2-3813C597460B}.AppStore|iPhone.Build.0 = Debug|Any CPU
		{C72FC9B4-7AD9-4A3B-9DD2-3813C597460B}.AppStore|iPhoneSimulator.ActiveCfg = Debug|Any CPU
		{C72FC9B4-7AD9-4A3B-9DD2-3813C597460B}.AppStore|iPhoneSimulator.Build.0 = Debug|Any CPU
		{C72FC9B4-7AD9-4A3B-9DD2-3813C597460B}.AppStore|x64.ActiveCfg = Debug|Any CPU
		{C72FC9B4-7AD9-4A3B-9DD2-3813C597460B}.AppStore|x64.Build.0 = Debug|Any CPU
		{C72FC9B4-7AD9-4A3B-9DD2-3813C597460B}.AppStore|x86.ActiveCfg = Debug|Any CPU
		{C72FC9B4-7AD9-4A3B-9DD2-3813C597460B}.AppStore|x86.Build.0 = Debug|Any CPU
		{C72FC9B4-7AD9-4A3B-9DD2-3813C597460B}.Debug|Any CPU.ActiveCfg = Debug|Any CPU
		{C72FC9B4-7AD9-4A3B-9DD2-3813C597460B}.Debug|Any CPU.Build.0 = Debug|Any CPU
		{C72FC9B4-7AD9-4A3B-9DD2-3813C597460B}.Debug|ARM.ActiveCfg = Debug|Any CPU
		{C72FC9B4-7AD9-4A3B-9DD2-3813C597460B}.Debug|ARM.Build.0 = Debug|Any CPU
		{C72FC9B4-7AD9-4A3B-9DD2-3813C597460B}.Debug|iPhone.ActiveCfg = Debug|Any CPU
		{C72FC9B4-7AD9-4A3B-9DD2-3813C597460B}.Debug|iPhone.Build.0 = Debug|Any CPU
		{C72FC9B4-7AD9-4A3B-9DD2-3813C597460B}.Debug|iPhoneSimulator.ActiveCfg = Debug|Any CPU
		{C72FC9B4-7AD9-4A3B-9DD2-3813C597460B}.Debug|iPhoneSimulator.Build.0 = Debug|Any CPU
		{C72FC9B4-7AD9-4A3B-9DD2-3813C597460B}.Debug|x64.ActiveCfg = Debug|Any CPU
		{C72FC9B4-7AD9-4A3B-9DD2-3813C597460B}.Debug|x64.Build.0 = Debug|Any CPU
		{C72FC9B4-7AD9-4A3B-9DD2-3813C597460B}.Debug|x86.ActiveCfg = Debug|Any CPU
		{C72FC9B4-7AD9-4A3B-9DD2-3813C597460B}.Debug|x86.Build.0 = Debug|Any CPU
		{C72FC9B4-7AD9-4A3B-9DD2-3813C597460B}.Release|Any CPU.ActiveCfg = Release|Any CPU
		{C72FC9B4-7AD9-4A3B-9DD2-3813C597460B}.Release|Any CPU.Build.0 = Release|Any CPU
		{C72FC9B4-7AD9-4A3B-9DD2-3813C597460B}.Release|ARM.ActiveCfg = Release|Any CPU
		{C72FC9B4-7AD9-4A3B-9DD2-3813C597460B}.Release|ARM.Build.0 = Release|Any CPU
		{C72FC9B4-7AD9-4A3B-9DD2-3813C597460B}.Release|iPhone.ActiveCfg = Release|Any CPU
		{C72FC9B4-7AD9-4A3B-9DD2-3813C597460B}.Release|iPhone.Build.0 = Release|Any CPU
		{C72FC9B4-7AD9-4A3B-9DD2-3813C597460B}.Release|iPhoneSimulator.ActiveCfg = Release|Any CPU
		{C72FC9B4-7AD9-4A3B-9DD2-3813C597460B}.Release|iPhoneSimulator.Build.0 = Release|Any CPU
		{C72FC9B4-7AD9-4A3B-9DD2-3813C597460B}.Release|x64.ActiveCfg = Release|Any CPU
		{C72FC9B4-7AD9-4A3B-9DD2-3813C597460B}.Release|x64.Build.0 = Release|Any CPU
		{C72FC9B4-7AD9-4A3B-9DD2-3813C597460B}.Release|x86.ActiveCfg = Release|Any CPU
		{C72FC9B4-7AD9-4A3B-9DD2-3813C597460B}.Release|x86.Build.0 = Release|Any CPU
	EndGlobalSection
	GlobalSection(SolutionProperties) = preSolution
		HideSolutionNode = FALSE
	EndGlobalSection
	GlobalSection(ExtensibilityGlobals) = postSolution
		SolutionGuid = {2A9F9926-90AE-487F-A145-E1B4348A5FC2}
	EndGlobalSection
EndGlobal
